// !$*UTF8*$!
{
	archiveVersion = 1;
	classes = {
	};
	objectVersion = 50;
	objects = {

/* Begin PBXBuildFile section */
		CF23AC9F20FD0AF300DC2F42 /* StarWarsModel.swift in Sources */ = {isa = PBXBuildFile; fileRef = CF23AC9E20FD0AF300DC2F42 /* StarWarsModel.swift */; };
		CF23ACA120FD111800DC2F42 /* PeopleCellTableViewCell.swift in Sources */ = {isa = PBXBuildFile; fileRef = CF23ACA020FD111800DC2F42 /* PeopleCellTableViewCell.swift */; };
		CF23ACA320FD19B100DC2F42 /* MovieCell.swift in Sources */ = {isa = PBXBuildFile; fileRef = CF23ACA220FD19B100DC2F42 /* MovieCell.swift */; };
		CF68F0AD20F802EB00EA1C84 /* AppDelegate.swift in Sources */ = {isa = PBXBuildFile; fileRef = CF68F0AC20F802EB00EA1C84 /* AppDelegate.swift */; };
		CF68F0AF20F802EB00EA1C84 /* PeopleViewController.swift in Sources */ = {isa = PBXBuildFile; fileRef = CF68F0AE20F802EB00EA1C84 /* PeopleViewController.swift */; };
		CF68F0B220F802EB00EA1C84 /* Main.storyboard in Resources */ = {isa = PBXBuildFile; fileRef = CF68F0B020F802EB00EA1C84 /* Main.storyboard */; };
		CF68F0B520F802EB00EA1C84 /* People.xcdatamodeld in Sources */ = {isa = PBXBuildFile; fileRef = CF68F0B320F802EB00EA1C84 /* People.xcdatamodeld */; };
		CF68F0B720F802EB00EA1C84 /* Assets.xcassets in Resources */ = {isa = PBXBuildFile; fileRef = CF68F0B620F802EB00EA1C84 /* Assets.xcassets */; };
		CF68F0BA20F802EB00EA1C84 /* LaunchScreen.storyboard in Resources */ = {isa = PBXBuildFile; fileRef = CF68F0B820F802EB00EA1C84 /* LaunchScreen.storyboard */; };
		CFC5ED9420FD03830026F5E4 /* MoviesVC.swift in Sources */ = {isa = PBXBuildFile; fileRef = CFC5ED9320FD03830026F5E4 /* MoviesVC.swift */; };
/* End PBXBuildFile section */

/* Begin PBXFileReference section */
		CF23AC9E20FD0AF300DC2F42 /* StarWarsModel.swift */ = {isa = PBXFileReference; lastKnownFileType = sourcecode.swift; path = StarWarsModel.swift; sourceTree = "<group>"; };
		CF23ACA020FD111800DC2F42 /* PeopleCellTableViewCell.swift */ = {isa = PBXFileReference; lastKnownFileType = sourcecode.swift; path = PeopleCellTableViewCell.swift; sourceTree = "<group>"; };
		CF23ACA220FD19B100DC2F42 /* MovieCell.swift */ = {isa = PBXFileReference; lastKnownFileType = sourcecode.swift; path = MovieCell.swift; sourceTree = "<group>"; };
		CF68F0A920F802EB00EA1C84 /* People.app */ = {isa = PBXFileReference; explicitFileType = wrapper.application; includeInIndex = 0; path = People.app; sourceTree = BUILT_PRODUCTS_DIR; };
		CF68F0AC20F802EB00EA1C84 /* AppDelegate.swift */ = {isa = PBXFileReference; lastKnownFileType = sourcecode.swift; path = AppDelegate.swift; sourceTree = "<group>"; };
		CF68F0AE20F802EB00EA1C84 /* PeopleViewController.swift */ = {isa = PBXFileReference; lastKnownFileType = sourcecode.swift; path = PeopleViewController.swift; sourceTree = "<group>"; };
		CF68F0B120F802EB00EA1C84 /* Base */ = {isa = PBXFileReference; lastKnownFileType = file.storyboard; name = Base; path = Base.lproj/Main.storyboard; sourceTree = "<group>"; };
		CF68F0B420F802EB00EA1C84 /* People.xcdatamodel */ = {isa = PBXFileReference; lastKnownFileType = wrapper.xcdatamodel; path = People.xcdatamodel; sourceTree = "<group>"; };
		CF68F0B620F802EB00EA1C84 /* Assets.xcassets */ = {isa = PBXFileReference; lastKnownFileType = folder.assetcatalog; path = Assets.xcassets; sourceTree = "<group>"; };
		CF68F0B920F802EB00EA1C84 /* Base */ = {isa = PBXFileReference; lastKnownFileType = file.storyboard; name = Base; path = Base.lproj/LaunchScreen.storyboard; sourceTree = "<group>"; };
		CF68F0BB20F802EB00EA1C84 /* Info.plist */ = {isa = PBXFileReference; lastKnownFileType = text.plist.xml; path = Info.plist; sourceTree = "<group>"; };
		CFC5ED9320FD03830026F5E4 /* MoviesVC.swift */ = {isa = PBXFileReference; lastKnownFileType = sourcecode.swift; path = MoviesVC.swift; sourceTree = "<group>"; };
/* End PBXFileReference section */

/* Begin PBXFrameworksBuildPhase section */
		CF68F0A620F802EB00EA1C84 /* Frameworks */ = {
			isa = PBXFrameworksBuildPhase;
			buildActionMask = 2147483647;
			files = (
			);
			runOnlyForDeploymentPostprocessing = 0;
		};
/* End PBXFrameworksBuildPhase section */

/* Begin PBXGroup section */
		CF68F0A020F802EB00EA1C84 = {
			isa = PBXGroup;
			children = (
				CF68F0AB20F802EB00EA1C84 /* People */,
				CF68F0AA20F802EB00EA1C84 /* Products */,
			);
			sourceTree = "<group>";
		};
		CF68F0AA20F802EB00EA1C84 /* Products */ = {
			isa = PBXGroup;
			children = (
				CF68F0A920F802EB00EA1C84 /* People.app */,
			);
			name = Products;
			sourceTree = "<group>";
		};
		CF68F0AB20F802EB00EA1C84 /* People */ = {
			isa = PBXGroup;
			children = (
				CF23ACA220FD19B100DC2F42 /* MovieCell.swift */,
				CFC5ED9320FD03830026F5E4 /* MoviesVC.swift */,
				CF68F0AC20F802EB00EA1C84 /* AppDelegate.swift */,
				CF68F0AE20F802EB00EA1C84 /* PeopleViewController.swift */,
				CF68F0B020F802EB00EA1C84 /* Main.storyboard */,
				CF68F0B620F802EB00EA1C84 /* Assets.xcassets */,
				CF23AC9E20FD0AF300DC2F42 /* StarWarsModel.swift */,
				CF23ACA020FD111800DC2F42 /* PeopleCellTableViewCell.swift */,
				CF68F0B820F802EB00EA1C84 /* LaunchScreen.storyboard */,
				CF68F0BB20F802EB00EA1C84 /* Info.plist */,
				CF68F0B320F802EB00EA1C84 /* People.xcdatamodeld */,
			);
			path = People;
			sourceTree = "<group>";
		};
/* End PBXGroup section */

/* Begin PBXNativeTarget section */
		CF68F0A820F802EB00EA1C84 /* People */ = {
			isa = PBXNativeTarget;
			buildConfigurationList = CF68F0BE20F802EB00EA1C84 /* Build configuration list for PBXNativeTarget "People" */;
			buildPhases = (
				CF68F0A520F802EB00EA1C84 /* Sources */,
				CF68F0A620F802EB00EA1C84 /* Frameworks */,
				CF68F0A720F802EB00EA1C84 /* Resources */,
			);
			buildRules = (
			);
			dependencies = (
			);
			name = People;
			productName = People;
			productReference = CF68F0A920F802EB00EA1C84 /* People.app */;
			productType = "com.apple.product-type.application";
		};
/* End PBXNativeTarget section */

/* Begin PBXProject section */
		CF68F0A120F802EB00EA1C84 /* Project object */ = {
			isa = PBXProject;
			attributes = {
				LastSwiftUpdateCheck = 0940;
				LastUpgradeCheck = 0940;
				ORGANIZATIONNAME = AshwinMahesh;
				TargetAttributes = {
					CF68F0A820F802EB00EA1C84 = {
						CreatedOnToolsVersion = 9.4.1;
					};
				};
			};
			buildConfigurationList = CF68F0A420F802EB00EA1C84 /* Build configuration list for PBXProject "People" */;
			compatibilityVersion = "Xcode 9.3";
			developmentRegion = en;
			hasScannedForEncodings = 0;
			knownRegions = (
				en,
				Base,
			);
			mainGroup = CF68F0A020F802EB00EA1C84;
			productRefGroup = CF68F0AA20F802EB00EA1C84 /* Products */;
			projectDirPath = "";
			projectRoot = "";
			targets = (
				CF68F0A820F802EB00EA1C84 /* People */,
			);
		};
/* End PBXProject section */

/* Begin PBXResourcesBuildPhase section */
		CF68F0A720F802EB00EA1C84 /* Resources */ = {
			isa = PBXResourcesBuildPhase;
			buildActionMask = 2147483647;
			files = (
				CF68F0BA20F802EB00EA1C84 /* LaunchScreen.storyboard in Resources */,
				CF68F0B720F802EB00EA1C84 /* Assets.xcassets in Resources */,
				CF68F0B220F802EB00EA1C84 /* Main.storyboard in Resources */,
			);
			runOnlyForDeploymentPostprocessing = 0;
		};
/* End PBXResourcesBuildPhase section */

/* Begin PBXSourcesBuildPhase section */
		CF68F0A520F802EB00EA1C84 /* Sources */ = {
			isa = PBXSourcesBuildPhase;
			buildActionMask = 2147483647;
			files = (
				CF23ACA320FD19B100DC2F42 /* MovieCell.swift in Sources */,
				CF68F0AF20F802EB00EA1C84 /* PeopleViewController.swift in Sources */,
				CFC5ED9420FD03830026F5E4 /* MoviesVC.swift in Sources */,
				CF23AC9F20FD0AF300DC2F42 /* StarWarsModel.swift in Sources */,
				CF68F0B520F802EB00EA1C84 /* People.xcdatamodeld in Sources */,
				CF23ACA120FD111800DC2F42 /* PeopleCellTableViewCell.swift in Sources */,
				CF68F0AD20F802EB00EA1C84 /* AppDelegate.swift in Sources */,
			);
			runOnlyForDeploymentPostprocessing = 0;
		};
/* End PBXSourcesBuildPhase section */

/* Begin PBXVariantGroup section */
		CF68F0B020F802EB00EA1C84 /* Main.storyboard */ = {
			isa = PBXVariantGroup;
			children = (
				CF68F0B120F802EB00EA1C84 /* Base */,
			);
			name = Main.storyboard;
			sourceTree = "<group>";
		};
		CF68F0B820F802EB00EA1C84 /* LaunchScreen.storyboard */ = {
			isa = PBXVariantGroup;
			children = (
				CF68F0B920F802EB00EA1C84 /* Base */,
			);
			name = LaunchScreen.storyboard;
			sourceTree = "<group>";
		};
/* End PBXVariantGroup section */

/* Begin XCBuildConfiguration section */
		CF68F0BC20F802EB00EA1C84 /* Debug */ = {
			isa = XCBuildConfiguration;
			buildSettings = {
				ALWAYS_SEARCH_USER_PATHS = NO;
				CLANG_ANALYZER_NONNULL = YES;
				CLANG_ANALYZER_NUMBER_OBJECT_CONVERSION = YES_AGGRESSIVE;
				CLANG_CXX_LANGUAGE_STANDARD = "gnu++14";
				CLANG_CXX_LIBRARY = "libc++";
				CLANG_ENABLE_MODULES = YES;
				CLANG_ENABLE_OBJC_ARC = YES;
				CLANG_ENABLE_OBJC_WEAK = YES;
				CLANG_WARN_BLOCK_CAPTURE_AUTORELEASING = YES;
				CLANG_WARN_BOOL_CONVERSION = YES;
				CLANG_WARN_COMMA = YES;
				CLANG_WARN_CONSTANT_CONVERSION = YES;
				CLANG_WARN_DEPRECATED_OBJC_IMPLEMENTATIONS = YES;
				CLANG_WARN_DIRECT_OBJC_ISA_USAGE = YES_ERROR;
				CLANG_WARN_DOCUMENTATION_COMMENTS = YES;
				CLANG_WARN_EMPTY_BODY = YES;
				CLANG_WARN_ENUM_CONVERSION = YES;
				CLANG_WARN_INFINITE_RECURSION = YES;
				CLANG_WARN_INT_CONVERSION = YES;
				CLANG_WARN_NON_LITERAL_NULL_CONVERSION = YES;
				CLANG_WARN_OBJC_IMPLICIT_RETAIN_SELF = YES;
				CLANG_WARN_OBJC_LITERAL_CONVERSION = YES;
				CLANG_WARN_OBJC_ROOT_CLASS = YES_ERROR;
				CLANG_WARN_RANGE_LOOP_ANALYSIS = YES;
				CLANG_WARN_STRICT_PROTOTYPES = YES;
				CLANG_WARN_SUSPICIOUS_MOVE = YES;
				CLANG_WARN_UNGUARDED_AVAILABILITY = YES_AGGRESSIVE;
				CLANG_WARN_UNREACHABLE_CODE = YES;
				CLANG_WARN__DUPLICATE_METHOD_MATCH = YES;
				CODE_SIGN_IDENTITY = "iPhone Developer";
				COPY_PHASE_STRIP = NO;
				DEBUG_INFORMATION_FORMAT = dwarf;
				ENABLE_STRICT_OBJC_MSGSEND = YES;
				ENABLE_TESTABILITY = YES;
				GCC_C_LANGUAGE_STANDARD = gnu11;
				GCC_DYNAMIC_NO_PIC = NO;
				GCC_NO_COMMON_BLOCKS = YES;
				GCC_OPTIMIZATION_LEVEL = 0;
				GCC_PREPROCESSOR_DEFINITIONS = (
					"DEBUG=1",
					"$(inherited)",
				);
				GCC_WARN_64_TO_32_BIT_CONVERSION = YES;
				GCC_WARN_ABOUT_RETURN_TYPE = YES_ERROR;
				GCC_WARN_UNDECLARED_SELECTOR = YES;
				GCC_WARN_UNINITIALIZED_AUTOS = YES_AGGRESSIVE;
				GCC_WARN_UNUSED_FUNCTION = YES;
				GCC_WARN_UNUSED_VARIABLE = YES;
				IPHONEOS_DEPLOYMENT_TARGET = 11.4;
				MTL_ENABLE_DEBUG_INFO = YES;
				ONLY_ACTIVE_ARCH = YES;
				SDKROOT = iphoneos;
				SWIFT_ACTIVE_COMPILATION_CONDITIONS = DEBUG;
				SWIFT_OPTIMIZATION_LEVEL = "-Onone";
			};
			name = Debug;
		};
		CF68F0BD20F802EB00EA1C84 /* Release */ = {
			isa = XCBuildConfiguration;
			buildSettings = {
				ALWAYS_SEARCH_USER_PATHS = NO;
				CLANG_ANALYZER_NONNULL = YES;
				CLANG_ANALYZER_NUMBER_OBJECT_CONVERSION = YES_AGGRESSIVE;
				CLANG_CXX_LANGUAGE_STANDARD = "gnu++14";
				CLANG_CXX_LIBRARY = "libc++";
				CLANG_ENABLE_MODULES = YES;
				CLANG_ENABLE_OBJC_ARC = YES;
				CLANG_ENABLE_OBJC_WEAK = YES;
				CLANG_WARN_BLOCK_CAPTURE_AUTORELEASING = YES;
				CLANG_WARN_BOOL_CONVERSION = YES;
				CLANG_WARN_COMMA = YES;
				CLANG_WARN_CONSTANT_CONVERSION = YES;
				CLANG_WARN_DEPRECATED_OBJC_IMPLEMENTATIONS = YES;
				CLANG_WARN_DIRECT_OBJC_ISA_USAGE = YES_ERROR;
				CLANG_WARN_DOCUMENTATION_COMMENTS = YES;
				CLANG_WARN_EMPTY_BODY = YES;
				CLANG_WARN_ENUM_CONVERSION = YES;
				CLANG_WARN_INFINITE_RECURSION = YES;
				CLANG_WARN_INT_CONVERSION = YES;
				CLANG_WARN_NON_LITERAL_NULL_CONVERSION = YES;
				CLANG_WARN_OBJC_IMPLICIT_RETAIN_SELF = YES;
				CLANG_WARN_OBJC_LITERAL_CONVERSION = YES;
				CLANG_WARN_OBJC_ROOT_CLASS = YES_ERROR;
				CLANG_WARN_RANGE_LOOP_ANALYSIS = YES;
				CLANG_WARN_STRICT_PROTOTYPES = YES;
				CLANG_WARN_SUSPICIOUS_MOVE = YES;
				CLANG_WARN_UNGUARDED_AVAILABILITY = YES_AGGRESSIVE;
				CLANG_WARN_UNREACHABLE_CODE = YES;
				CLANG_WARN__DUPLICATE_METHOD_MATCH = YES;
				CODE_SIGN_IDENTITY = "iPhone Developer";
				COPY_PHASE_STRIP = NO;
				DEBUG_INFORMATION_FORMAT = "dwarf-with-dsym";
				ENABLE_NS_ASSERTIONS = NO;
				ENABLE_STRICT_OBJC_MSGSEND = YES;
				GCC_C_LANGUAGE_STANDARD = gnu11;
				GCC_NO_COMMON_BLOCKS = YES;
				GCC_WARN_64_TO_32_BIT_CONVERSION = YES;
				GCC_WARN_ABOUT_RETURN_TYPE = YES_ERROR;
				GCC_WARN_UNDECLARED_SELECTOR = YES;
				GCC_WARN_UNINITIALIZED_AUTOS = YES_AGGRESSIVE;
				GCC_WARN_UNUSED_FUNCTION = YES;
				GCC_WARN_UNUSED_VARIABLE = YES;
				IPHONEOS_DEPLOYMENT_TARGET = 11.4;
				MTL_ENABLE_DEBUG_INFO = NO;
				SDKROOT = iphoneos;
				SWIFT_COMPILATION_MODE = wholemodule;
				SWIFT_OPTIMIZATION_LEVEL = "-O";
				VALIDATE_PRODUCT = YES;
			};
			name = Release;
		};
		CF68F0BF20F802EB00EA1C84 /* Debug */ = {
			isa = XCBuildConfiguration;
			buildSettings = {
				ASSETCATALOG_COMPILER_APPICON_NAME = AppIcon;
				CODE_SIGN_STYLE = Automatic;
				DEVELOPMENT_TEAM = VQ9PY5C74Q;
				INFOPLIST_FILE = People/Info.plist;
				LD_RUNPATH_SEARCH_PATHS = (
					"$(inherited)",
					"@executable_path/Frameworks",
				);
				PRODUCT_BUNDLE_IDENTIFIER = com.ashwinmahesh.People;
				PRODUCT_NAME = "$(TARGET_NAME)";
				SWIFT_VERSION = 4.0;
				TARGETED_DEVICE_FAMILY = "1,2";
			};
			name = Debug;
		};
		CF68F0C020F802EB00EA1C84 /* Release */ = {
			isa = XCBuildConfiguration;
			buildSettings = {
				ASSETCATALOG_COMPILER_APPICON_NAME = AppIcon;
				CODE_SIGN_STYLE = Automatic;
				DEVELOPMENT_TEAM = VQ9PY5C74Q;
				INFOPLIST_FILE = People/Info.plist;
				LD_RUNPATH_SEARCH_PATHS = (
					"$(inherited)",
					"@executable_path/Frameworks",
				);
				PRODUCT_BUNDLE_IDENTIFIER = com.ashwinmahesh.People;
				PRODUCT_NAME = "$(TARGET_NAME)";
				SWIFT_VERSION = 4.0;
				TARGETED_DEVICE_FAMILY = "1,2";
			};
			name = Release;
		};
/* End XCBuildConfiguration section */

/* Begin XCConfigurationList section */
		CF68F0A420F802EB00EA1C84 /* Build configuration list for PBXProject "People" */ = {
			isa = XCConfigurationList;
			buildConfigurations = (
				CF68F0BC20F802EB00EA1C84 /* Debug */,
				CF68F0BD20F802EB00EA1C84 /* Release */,
			);
			defaultConfigurationIsVisible = 0;
			defaultConfigurationName = Release;
		};
		CF68F0BE20F802EB00EA1C84 /* Build configuration list for PBXNativeTarget "People" */ = {
			isa = XCConfigurationList;
			buildConfigurations = (
				CF68F0BF20F802EB00EA1C84 /* Debug */,
				CF68F0C020F802EB00EA1C84 /* Release */,
			);
			defaultConfigurationIsVisible = 0;
			defaultConfigurationName = Release;
		};
/* End XCConfigurationList section */

/* Begin XCVersionGroup section */
		CF68F0B320F802EB00EA1C84 /* People.xcdatamodeld */ = {
			isa = XCVersionGroup;
			children = (
				CF68F0B420F802EB00EA1C84 /* People.xcdatamodel */,
			);
			currentVersion = CF68F0B420F802EB00EA1C84 /* People.xcdatamodel */;
			path = People.xcdatamodeld;
			sourceTree = "<group>";
			versionGroupType = wrapper.xcdatamodel;
		};
/* End XCVersionGroup section */
	};
	rootObject = CF68F0A120F802EB00EA1C84 /* Project object */;
}
